
Microsoft Visual Studio Solution File, Format Version 12.00
# Visual Studio Version 17
VisualStudioVersion = 17.14.36603.0 d17.14
MinimumVisualStudioVersion = 10.0.40219.1
Project("{FAE04EC0-301F-11D3-BF4B-00C04F79EFBC}") = "Unity Game Development tooling", "Unity Game Development tooling\Unity Game Development tooling.csproj", "{F042AAE0-08EC-46A3-B27F-2E35CEAC7A00}"
EndProject
Global
	GlobalSection(SolutionConfigurationPlatforms) = preSolution
		Debug|Any CPU = Debug|Any CPU
		Release|Any CPU = Release|Any CPU
	EndGlobalSection
	GlobalSection(ProjectConfigurationPlatforms) = postSolution
		{F042AAE0-08EC-46A3-B27F-2E35CEAC7A00}.Debug|Any CPU.ActiveCfg = Debug|Any CPU
		{F042AAE0-08EC-46A3-B27F-2E35CEAC7A00}.Debug|Any CPU.Build.0 = Debug|Any CPU
		{F042AAE0-08EC-46A3-B27F-2E35CEAC7A00}.Release|Any CPU.ActiveCfg = Release|Any CPU
		{F042AAE0-08EC-46A3-B27F-2E35CEAC7A00}.Release|Any CPU.Build.0 = Release|Any CPU
	EndGlobalSection
	GlobalSection(SolutionProperties) = preSolution
		HideSolutionNode = FALSE
	EndGlobalSection
	GlobalSection(ExtensibilityGlobals) = postSolution
		SolutionGuid = {DA32F881-BD2C-482F-BDFA-88CBF31290A1}
	EndGlobalSection
EndGlobal
